PODS:
  - AntReactNative (0.21.0.20160514)
  - QRCodeReaderViewController (4.0.1)

DEPENDENCIES:
  - AntReactNative (~> 0.21.0)
  - QRCodeReaderViewController (from `https://github.com/yannickl/QRCodeReaderViewController.git`)

EXTERNAL SOURCES:
  QRCodeReaderViewController:
    :git: https://github.com/yannickl/QRCodeReaderViewController.git

CHECKOUT OPTIONS:
  QRCodeReaderViewController:
    :commit: 169c9de811fcb2fca4e0c92a744104590da3bad3
    :git: https://github.com/yannickl/QRCodeReaderViewController.git

SPEC CHECKSUMS:
  AntReactNative: e1be9782f58ffd3cb8e51f5e21698edbe0fdfd46
  QRCodeReaderViewController: 6538745c8f4ffa9407a26bd7f9489ea01739e7b0

PODFILE CHECKSUM: 2936ac994188f2cedc64e0d4486075920bf2242f

COCOAPODS: 1.0.0
